// !$*UTF8*$!
{
	archiveVersion = 1;
	classes = {
	};
	objectVersion = 56;
	objects = {

/* Begin PBXBuildFile section */
		BDD182A52A91227F00AF4710 /* AnimationsApp.swift in Sources */ = {isa = PBXBuildFile; fileRef = BDD182A42A91227F00AF4710 /* AnimationsApp.swift */; };
		BDD182A72A91227F00AF4710 /* ContentView.swift in Sources */ = {isa = PBXBuildFile; fileRef = BDD182A62A91227F00AF4710 /* ContentView.swift */; };
		BDD182A92A91228100AF4710 /* Assets.xcassets in Resources */ = {isa = PBXBuildFile; fileRef = BDD182A82A91228100AF4710 /* Assets.xcassets */; };
		BDD182AC2A91228100AF4710 /* Preview Assets.xcassets in Resources */ = {isa = PBXBuildFile; fileRef = BDD182AB2A91228100AF4710 /* Preview Assets.xcassets */; };
		BDD182AE2A91228100AF4710 /* Persistence.swift in Sources */ = {isa = PBXBuildFile; fileRef = BDD182AD2A91228100AF4710 /* Persistence.swift */; };
		BDD182B12A91228100AF4710 /* Animations.xcdatamodeld in Sources */ = {isa = PBXBuildFile; fileRef = BDD182AF2A91228100AF4710 /* Animations.xcdatamodeld */; };
		BDD182BB2A91228100AF4710 /* AnimationsTests.swift in Sources */ = {isa = PBXBuildFile; fileRef = BDD182BA2A91228100AF4710 /* AnimationsTests.swift */; };
		BDD182C52A91228200AF4710 /* AnimationsUITests.swift in Sources */ = {isa = PBXBuildFile; fileRef = BDD182C42A91228200AF4710 /* AnimationsUITests.swift */; };
		BDD182C72A91228200AF4710 /* AnimationsUITestsLaunchTests.swift in Sources */ = {isa = PBXBuildFile; fileRef = BDD182C62A91228200AF4710 /* AnimationsUITestsLaunchTests.swift */; };
		BDD182D42A9123FF00AF4710 /* SplashScreenAnimationView.swift .swift in Sources */ = {isa = PBXBuildFile; fileRef = BDD182D32A9123FF00AF4710 /* SplashScreenAnimationView.swift .swift */; };
		BDD182D62A91241E00AF4710 /* ButtonPressEffectsView.swift in Sources */ = {isa = PBXBuildFile; fileRef = BDD182D52A91241E00AF4710 /* ButtonPressEffectsView.swift */; };
		BDD182D82A91243300AF4710 /* CardFlipAnimationView.swift in Sources */ = {isa = PBXBuildFile; fileRef = BDD182D72A91243300AF4710 /* CardFlipAnimationView.swift */; };
		BDD182DA2A91244900AF4710 /* ParallaxScrollingView.swift in Sources */ = {isa = PBXBuildFile; fileRef = BDD182D92A91244900AF4710 /* ParallaxScrollingView.swift */; };
		BDD182DC2A91249700AF4710 /* LoadingIndicatorView.swift in Sources */ = {isa = PBXBuildFile; fileRef = BDD182DB2A91249700AF4710 /* LoadingIndicatorView.swift */; };
		BDD182DE2A9124EE00AF4710 /* ModalPresentationView.swift .swift in Sources */ = {isa = PBXBuildFile; fileRef = BDD182DD2A9124EE00AF4710 /* ModalPresentationView.swift .swift */; };
		BDD182E02A91251D00AF4710 /* ChartAnimationsView.swift .swift in Sources */ = {isa = PBXBuildFile; fileRef = BDD182DF2A91251D00AF4710 /* ChartAnimationsView.swift .swift */; };
		BDD182E22A9125A900AF4710 /* WalkthroughAnimationsView.swift in Sources */ = {isa = PBXBuildFile; fileRef = BDD182E12A9125A900AF4710 /* WalkthroughAnimationsView.swift */; };
		BDD182E42A91260100AF4710 /* ImageGalleryCarouselView.swift .swift in Sources */ = {isa = PBXBuildFile; fileRef = BDD182E32A91260100AF4710 /* ImageGalleryCarouselView.swift .swift */; };
		BDD182E82A913AB200AF4710 /* PulsatingCircleView.swift in Sources */ = {isa = PBXBuildFile; fileRef = BDD182E72A913AB200AF4710 /* PulsatingCircleView.swift */; };
/* End PBXBuildFile section */

/* Begin PBXContainerItemProxy section */
		BDD182B72A91228100AF4710 /* PBXContainerItemProxy */ = {
			isa = PBXContainerItemProxy;
			containerPortal = BDD182992A91227F00AF4710 /* Project object */;
			proxyType = 1;
			remoteGlobalIDString = BDD182A02A91227F00AF4710;
			remoteInfo = Animations;
		};
		BDD182C12A91228200AF4710 /* PBXContainerItemProxy */ = {
			isa = PBXContainerItemProxy;
			containerPortal = BDD182992A91227F00AF4710 /* Project object */;
			proxyType = 1;
			remoteGlobalIDString = BDD182A02A91227F00AF4710;
			remoteInfo = Animations;
		};
/* End PBXContainerItemProxy section */

/* Begin PBXFileReference section */
		BDD182A12A91227F00AF4710 /* Animations.app */ = {isa = PBXFileReference; explicitFileType = wrapper.application; includeInIndex = 0; path = Animations.app; sourceTree = BUILT_PRODUCTS_DIR; };
		BDD182A42A91227F00AF4710 /* AnimationsApp.swift */ = {isa = PBXFileReference; lastKnownFileType = sourcecode.swift; path = AnimationsApp.swift; sourceTree = "<group>"; };
		BDD182A62A91227F00AF4710 /* ContentView.swift */ = {isa = PBXFileReference; lastKnownFileType = sourcecode.swift; path = ContentView.swift; sourceTree = "<group>"; };
		BDD182A82A91228100AF4710 /* Assets.xcassets */ = {isa = PBXFileReference; lastKnownFileType = folder.assetcatalog; path = Assets.xcassets; sourceTree = "<group>"; };
		BDD182AB2A91228100AF4710 /* Preview Assets.xcassets */ = {isa = PBXFileReference; lastKnownFileType = folder.assetcatalog; path = "Preview Assets.xcassets"; sourceTree = "<group>"; };
		BDD182AD2A91228100AF4710 /* Persistence.swift */ = {isa = PBXFileReference; lastKnownFileType = sourcecode.swift; path = Persistence.swift; sourceTree = "<group>"; };
		BDD182B02A91228100AF4710 /* Animations.xcdatamodel */ = {isa = PBXFileReference; lastKnownFileType = wrapper.xcdatamodel; path = Animations.xcdatamodel; sourceTree = "<group>"; };
		BDD182B62A91228100AF4710 /* AnimationsTests.xctest */ = {isa = PBXFileReference; explicitFileType = wrapper.cfbundle; includeInIndex = 0; path = AnimationsTests.xctest; sourceTree = BUILT_PRODUCTS_DIR; };
		BDD182BA2A91228100AF4710 /* AnimationsTests.swift */ = {isa = PBXFileReference; lastKnownFileType = sourcecode.swift; path = AnimationsTests.swift; sourceTree = "<group>"; };
		BDD182C02A91228200AF4710 /* AnimationsUITests.xctest */ = {isa = PBXFileReference; explicitFileType = wrapper.cfbundle; includeInIndex = 0; path = AnimationsUITests.xctest; sourceTree = BUILT_PRODUCTS_DIR; };
		BDD182C42A91228200AF4710 /* AnimationsUITests.swift */ = {isa = PBXFileReference; lastKnownFileType = sourcecode.swift; path = AnimationsUITests.swift; sourceTree = "<group>"; };
		BDD182C62A91228200AF4710 /* AnimationsUITestsLaunchTests.swift */ = {isa = PBXFileReference; lastKnownFileType = sourcecode.swift; path = AnimationsUITestsLaunchTests.swift; sourceTree = "<group>"; };
		BDD182D32A9123FF00AF4710 /* SplashScreenAnimationView.swift .swift */ = {isa = PBXFileReference; lastKnownFileType = sourcecode.swift; path = "SplashScreenAnimationView.swift .swift"; sourceTree = "<group>"; };
		BDD182D52A91241E00AF4710 /* ButtonPressEffectsView.swift */ = {isa = PBXFileReference; lastKnownFileType = sourcecode.swift; path = ButtonPressEffectsView.swift; sourceTree = "<group>"; };
		BDD182D72A91243300AF4710 /* CardFlipAnimationView.swift */ = {isa = PBXFileReference; lastKnownFileType = sourcecode.swift; path = CardFlipAnimationView.swift; sourceTree = "<group>"; };
		BDD182D92A91244900AF4710 /* ParallaxScrollingView.swift */ = {isa = PBXFileReference; lastKnownFileType = sourcecode.swift; path = ParallaxScrollingView.swift; sourceTree = "<group>"; };
		BDD182DB2A91249700AF4710 /* LoadingIndicatorView.swift */ = {isa = PBXFileReference; lastKnownFileType = sourcecode.swift; path = LoadingIndicatorView.swift; sourceTree = "<group>"; };
		BDD182DD2A9124EE00AF4710 /* ModalPresentationView.swift .swift */ = {isa = PBXFileReference; lastKnownFileType = sourcecode.swift; path = "ModalPresentationView.swift .swift"; sourceTree = "<group>"; };
		BDD182DF2A91251D00AF4710 /* ChartAnimationsView.swift .swift */ = {isa = PBXFileReference; lastKnownFileType = sourcecode.swift; path = "ChartAnimationsView.swift .swift"; sourceTree = "<group>"; };
		BDD182E12A9125A900AF4710 /* WalkthroughAnimationsView.swift */ = {isa = PBXFileReference; lastKnownFileType = sourcecode.swift; path = WalkthroughAnimationsView.swift; sourceTree = "<group>"; };
		BDD182E32A91260100AF4710 /* ImageGalleryCarouselView.swift .swift */ = {isa = PBXFileReference; lastKnownFileType = sourcecode.swift; path = "ImageGalleryCarouselView.swift .swift"; sourceTree = "<group>"; };
		BDD182E72A913AB200AF4710 /* PulsatingCircleView.swift */ = {isa = PBXFileReference; lastKnownFileType = sourcecode.swift; path = PulsatingCircleView.swift; sourceTree = "<group>"; };
/* End PBXFileReference section */

/* Begin PBXFrameworksBuildPhase section */
		BDD1829E2A91227F00AF4710 /* Frameworks */ = {
			isa = PBXFrameworksBuildPhase;
			buildActionMask = 2147483647;
			files = (
			);
			runOnlyForDeploymentPostprocessing = 0;
		};
		BDD182B32A91228100AF4710 /* Frameworks */ = {
			isa = PBXFrameworksBuildPhase;
			buildActionMask = 2147483647;
			files = (
			);
			runOnlyForDeploymentPostprocessing = 0;
		};
		BDD182BD2A91228200AF4710 /* Frameworks */ = {
			isa = PBXFrameworksBuildPhase;
			buildActionMask = 2147483647;
			files = (
			);
			runOnlyForDeploymentPostprocessing = 0;
		};
/* End PBXFrameworksBuildPhase section */

/* Begin PBXGroup section */
		BDD182982A91227F00AF4710 = {
			isa = PBXGroup;
			children = (
				BDD182A32A91227F00AF4710 /* Animations */,
				BDD182B92A91228100AF4710 /* AnimationsTests */,
				BDD182C32A91228200AF4710 /* AnimationsUITests */,
				BDD182A22A91227F00AF4710 /* Products */,
			);
			sourceTree = "<group>";
		};
		BDD182A22A91227F00AF4710 /* Products */ = {
			isa = PBXGroup;
			children = (
				BDD182A12A91227F00AF4710 /* Animations.app */,
				BDD182B62A91228100AF4710 /* AnimationsTests.xctest */,
				BDD182C02A91228200AF4710 /* AnimationsUITests.xctest */,
			);
			name = Products;
			sourceTree = "<group>";
		};
		BDD182A32A91227F00AF4710 /* Animations */ = {
			isa = PBXGroup;
			children = (
				BDD182A42A91227F00AF4710 /* AnimationsApp.swift */,
				BDD182A62A91227F00AF4710 /* ContentView.swift */,
				BDD182A82A91228100AF4710 /* Assets.xcassets */,
				BDD182AD2A91228100AF4710 /* Persistence.swift */,
				BDD182AF2A91228100AF4710 /* Animations.xcdatamodeld */,
				BDD182AA2A91228100AF4710 /* Preview Content */,
				BDD182EA2A91411500AF4710 /* AnimationViews */,
			);
			path = Animations;
			sourceTree = "<group>";
		};
		BDD182AA2A91228100AF4710 /* Preview Content */ = {
			isa = PBXGroup;
			children = (
				BDD182AB2A91228100AF4710 /* Preview Assets.xcassets */,
			);
			path = "Preview Content";
			sourceTree = "<group>";
		};
		BDD182B92A91228100AF4710 /* AnimationsTests */ = {
			isa = PBXGroup;
			children = (
				BDD182BA2A91228100AF4710 /* AnimationsTests.swift */,
			);
			path = AnimationsTests;
			sourceTree = "<group>";
		};
		BDD182C32A91228200AF4710 /* AnimationsUITests */ = {
			isa = PBXGroup;
			children = (
				BDD182C42A91228200AF4710 /* AnimationsUITests.swift */,
				BDD182C62A91228200AF4710 /* AnimationsUITestsLaunchTests.swift */,
			);
			path = AnimationsUITests;
			sourceTree = "<group>";
		};
		BDD182EA2A91411500AF4710 /* AnimationViews */ = {
			isa = PBXGroup;
			children = (
				BDD182D32A9123FF00AF4710 /* SplashScreenAnimationView.swift .swift */,
				BDD182D52A91241E00AF4710 /* ButtonPressEffectsView.swift */,
				BDD182D72A91243300AF4710 /* CardFlipAnimationView.swift */,
				BDD182D92A91244900AF4710 /* ParallaxScrollingView.swift */,
				BDD182DB2A91249700AF4710 /* LoadingIndicatorView.swift */,
				BDD182DD2A9124EE00AF4710 /* ModalPresentationView.swift .swift */,
				BDD182DF2A91251D00AF4710 /* ChartAnimationsView.swift .swift */,
				BDD182E12A9125A900AF4710 /* WalkthroughAnimationsView.swift */,
				BDD182E32A91260100AF4710 /* ImageGalleryCarouselView.swift .swift */,
				BDD182E72A913AB200AF4710 /* PulsatingCircleView.swift */,
			);
			path = AnimationViews;
			sourceTree = "<group>";
		};
/* End PBXGroup section */

/* Begin PBXNativeTarget section */
		BDD182A02A91227F00AF4710 /* Animations */ = {
			isa = PBXNativeTarget;
			buildConfigurationList = BDD182CA2A91228200AF4710 /* Build configuration list for PBXNativeTarget "Animations" */;
			buildPhases = (
				BDD1829D2A91227F00AF4710 /* Sources */,
				BDD1829E2A91227F00AF4710 /* Frameworks */,
				BDD1829F2A91227F00AF4710 /* Resources */,
			);
			buildRules = (
			);
			dependencies = (
			);
			name = Animations;
			productName = Animations;
			productReference = BDD182A12A91227F00AF4710 /* Animations.app */;
			productType = "com.apple.product-type.application";
		};
		BDD182B52A91228100AF4710 /* AnimationsTests */ = {
			isa = PBXNativeTarget;
			buildConfigurationList = BDD182CD2A91228200AF4710 /* Build configuration list for PBXNativeTarget "AnimationsTests" */;
			buildPhases = (
				BDD182B22A91228100AF4710 /* Sources */,
				BDD182B32A91228100AF4710 /* Frameworks */,
				BDD182B42A91228100AF4710 /* Resources */,
			);
			buildRules = (
			);
			dependencies = (
				BDD182B82A91228100AF4710 /* PBXTargetDependency */,
			);
			name = AnimationsTests;
			productName = AnimationsTests;
			productReference = BDD182B62A91228100AF4710 /* AnimationsTests.xctest */;
			productType = "com.apple.product-type.bundle.unit-test";
		};
		BDD182BF2A91228200AF4710 /* AnimationsUITests */ = {
			isa = PBXNativeTarget;
			buildConfigurationList = BDD182D02A91228200AF4710 /* Build configuration list for PBXNativeTarget "AnimationsUITests" */;
			buildPhases = (
				BDD182BC2A91228200AF4710 /* Sources */,
				BDD182BD2A91228200AF4710 /* Frameworks */,
				BDD182BE2A91228200AF4710 /* Resources */,
			);
			buildRules = (
			);
			dependencies = (
				BDD182C22A91228200AF4710 /* PBXTargetDependency */,
			);
			name = AnimationsUITests;
			productName = AnimationsUITests;
			productReference = BDD182C02A91228200AF4710 /* AnimationsUITests.xctest */;
			productType = "com.apple.product-type.bundle.ui-testing";
		};
/* End PBXNativeTarget section */

/* Begin PBXProject section */
		BDD182992A91227F00AF4710 /* Project object */ = {
			isa = PBXProject;
			attributes = {
				BuildIndependentTargetsInParallel = 1;
				LastSwiftUpdateCheck = 1430;
				LastUpgradeCheck = 1430;
				TargetAttributes = {
					BDD182A02A91227F00AF4710 = {
						CreatedOnToolsVersion = 14.3.1;
					};
					BDD182B52A91228100AF4710 = {
						CreatedOnToolsVersion = 14.3.1;
						TestTargetID = BDD182A02A91227F00AF4710;
					};
					BDD182BF2A91228200AF4710 = {
						CreatedOnToolsVersion = 14.3.1;
						TestTargetID = BDD182A02A91227F00AF4710;
					};
				};
			};
			buildConfigurationList = BDD1829C2A91227F00AF4710 /* Build configuration list for PBXProject "Animations" */;
			compatibilityVersion = "Xcode 14.0";
			developmentRegion = en;
			hasScannedForEncodings = 0;
			knownRegions = (
				en,
				Base,
			);
			mainGroup = BDD182982A91227F00AF4710;
			productRefGroup = BDD182A22A91227F00AF4710 /* Products */;
			projectDirPath = "";
			projectRoot = "";
			targets = (
				BDD182A02A91227F00AF4710 /* Animations */,
				BDD182B52A91228100AF4710 /* AnimationsTests */,
				BDD182BF2A91228200AF4710 /* AnimationsUITests */,
			);
		};
/* End PBXProject section */

/* Begin PBXResourcesBuildPhase section */
		BDD1829F2A91227F00AF4710 /* Resources */ = {
			isa = PBXResourcesBuildPhase;
			buildActionMask = 2147483647;
			files = (
				BDD182AC2A91228100AF4710 /* Preview Assets.xcassets in Resources */,
				BDD182A92A91228100AF4710 /* Assets.xcassets in Resources */,
			);
			runOnlyForDeploymentPostprocessing = 0;
		};
		BDD182B42A91228100AF4710 /* Resources */ = {
			isa = PBXResourcesBuildPhase;
			buildActionMask = 2147483647;
			files = (
			);
			runOnlyForDeploymentPostprocessing = 0;
		};
		BDD182BE2A91228200AF4710 /* Resources */ = {
			isa = PBXResourcesBuildPhase;
			buildActionMask = 2147483647;
			files = (
			);
			runOnlyForDeploymentPostprocessing = 0;
		};
/* End PBXResourcesBuildPhase section */

/* Begin PBXSourcesBuildPhase section */
		BDD1829D2A91227F00AF4710 /* Sources */ = {
			isa = PBXSourcesBuildPhase;
			buildActionMask = 2147483647;
			files = (
				BDD182DE2A9124EE00AF4710 /* ModalPresentationView.swift .swift in Sources */,
				BDD182AE2A91228100AF4710 /* Persistence.swift in Sources */,
				BDD182D42A9123FF00AF4710 /* SplashScreenAnimationView.swift .swift in Sources */,
				BDD182A72A91227F00AF4710 /* ContentView.swift in Sources */,
				BDD182E02A91251D00AF4710 /* ChartAnimationsView.swift .swift in Sources */,
				BDD182DC2A91249700AF4710 /* LoadingIndicatorView.swift in Sources */,
				BDD182E42A91260100AF4710 /* ImageGalleryCarouselView.swift .swift in Sources */,
				BDD182DA2A91244900AF4710 /* ParallaxScrollingView.swift in Sources */,
				BDD182D62A91241E00AF4710 /* ButtonPressEffectsView.swift in Sources */,
				BDD182E22A9125A900AF4710 /* WalkthroughAnimationsView.swift in Sources */,
				BDD182E82A913AB200AF4710 /* PulsatingCircleView.swift in Sources */,
				BDD182D82A91243300AF4710 /* CardFlipAnimationView.swift in Sources */,
				BDD182B12A91228100AF4710 /* Animations.xcdatamodeld in Sources */,
				BDD182A52A91227F00AF4710 /* AnimationsApp.swift in Sources */,
			);
			runOnlyForDeploymentPostprocessing = 0;
		};
		BDD182B22A91228100AF4710 /* Sources */ = {
			isa = PBXSourcesBuildPhase;
			buildActionMask = 2147483647;
			files = (
				BDD182BB2A91228100AF4710 /* AnimationsTests.swift in Sources */,
			);
			runOnlyForDeploymentPostprocessing = 0;
		};
		BDD182BC2A91228200AF4710 /* Sources */ = {
			isa = PBXSourcesBuildPhase;
			buildActionMask = 2147483647;
			files = (
				BDD182C52A91228200AF4710 /* AnimationsUITests.swift in Sources */,
				BDD182C72A91228200AF4710 /* AnimationsUITestsLaunchTests.swift in Sources */,
			);
			runOnlyForDeploymentPostprocessing = 0;
		};
/* End PBXSourcesBuildPhase section */

/* Begin PBXTargetDependency section */
		BDD182B82A91228100AF4710 /* PBXTargetDependency */ = {
			isa = PBXTargetDependency;
			target = BDD182A02A91227F00AF4710 /* Animations */;
			targetProxy = BDD182B72A91228100AF4710 /* PBXContainerItemProxy */;
		};
		BDD182C22A91228200AF4710 /* PBXTargetDependency */ = {
			isa = PBXTargetDependency;
			target = BDD182A02A91227F00AF4710 /* Animations */;
			targetProxy = BDD182C12A91228200AF4710 /* PBXContainerItemProxy */;
		};
/* End PBXTargetDependency section */

/* Begin XCBuildConfiguration section */
		BDD182C82A91228200AF4710 /* Debug */ = {
			isa = XCBuildConfiguration;
			buildSettings = {
				ALWAYS_SEARCH_USER_PATHS = NO;
				CLANG_ANALYZER_NONNULL = YES;
				CLANG_ANALYZER_NUMBER_OBJECT_CONVERSION = YES_AGGRESSIVE;
				CLANG_CXX_LANGUAGE_STANDARD = "gnu++20";
				CLANG_ENABLE_MODULES = YES;
				CLANG_ENABLE_OBJC_ARC = YES;
				CLANG_ENABLE_OBJC_WEAK = YES;
				CLANG_WARN_BLOCK_CAPTURE_AUTORELEASING = YES;
				CLANG_WARN_BOOL_CONVERSION = YES;
				CLANG_WARN_COMMA = YES;
				CLANG_WARN_CONSTANT_CONVERSION = YES;
				CLANG_WARN_DEPRECATED_OBJC_IMPLEMENTATIONS = YES;
				CLANG_WARN_DIRECT_OBJC_ISA_USAGE = YES_ERROR;
				CLANG_WARN_DOCUMENTATION_COMMENTS = YES;
				CLANG_WARN_EMPTY_BODY = YES;
				CLANG_WARN_ENUM_CONVERSION = YES;
				CLANG_WARN_INFINITE_RECURSION = YES;
				CLANG_WARN_INT_CONVERSION = YES;
				CLANG_WARN_NON_LITERAL_NULL_CONVERSION = YES;
				CLANG_WARN_OBJC_IMPLICIT_RETAIN_SELF = YES;
				CLANG_WARN_OBJC_LITERAL_CONVERSION = YES;
				CLANG_WARN_OBJC_ROOT_CLASS = YES_ERROR;
				CLANG_WARN_QUOTED_INCLUDE_IN_FRAMEWORK_HEADER = YES;
				CLANG_WARN_RANGE_LOOP_ANALYSIS = YES;
				CLANG_WARN_STRICT_PROTOTYPES = YES;
				CLANG_WARN_SUSPICIOUS_MOVE = YES;
				CLANG_WARN_UNGUARDED_AVAILABILITY = YES_AGGRESSIVE;
				CLANG_WARN_UNREACHABLE_CODE = YES;
				CLANG_WARN__DUPLICATE_METHOD_MATCH = YES;
				COPY_PHASE_STRIP = NO;
				DEBUG_INFORMATION_FORMAT = dwarf;
				ENABLE_STRICT_OBJC_MSGSEND = YES;
				ENABLE_TESTABILITY = YES;
				GCC_C_LANGUAGE_STANDARD = gnu11;
				GCC_DYNAMIC_NO_PIC = NO;
				GCC_NO_COMMON_BLOCKS = YES;
				GCC_OPTIMIZATION_LEVEL = 0;
				GCC_PREPROCESSOR_DEFINITIONS = (
					"DEBUG=1",
					"$(inherited)",
				);
				GCC_WARN_64_TO_32_BIT_CONVERSION = YES;
				GCC_WARN_ABOUT_RETURN_TYPE = YES_ERROR;
				GCC_WARN_UNDECLARED_SELECTOR = YES;
				GCC_WARN_UNINITIALIZED_AUTOS = YES_AGGRESSIVE;
				GCC_WARN_UNUSED_FUNCTION = YES;
				GCC_WARN_UNUSED_VARIABLE = YES;
				IPHONEOS_DEPLOYMENT_TARGET = 16.4;
				MTL_ENABLE_DEBUG_INFO = INCLUDE_SOURCE;
				MTL_FAST_MATH = YES;
				ONLY_ACTIVE_ARCH = YES;
				SDKROOT = iphoneos;
				SWIFT_ACTIVE_COMPILATION_CONDITIONS = DEBUG;
				SWIFT_OPTIMIZATION_LEVEL = "-Onone";
			};
			name = Debug;
		};
		BDD182C92A91228200AF4710 /* Release */ = {
			isa = XCBuildConfiguration;
			buildSettings = {
				ALWAYS_SEARCH_USER_PATHS = NO;
				CLANG_ANALYZER_NONNULL = YES;
				CLANG_ANALYZER_NUMBER_OBJECT_CONVERSION = YES_AGGRESSIVE;
				CLANG_CXX_LANGUAGE_STANDARD = "gnu++20";
				CLANG_ENABLE_MODULES = YES;
				CLANG_ENABLE_OBJC_ARC = YES;
				CLANG_ENABLE_OBJC_WEAK = YES;
				CLANG_WARN_BLOCK_CAPTURE_AUTORELEASING = YES;
				CLANG_WARN_BOOL_CONVERSION = YES;
				CLANG_WARN_COMMA = YES;
				CLANG_WARN_CONSTANT_CONVERSION = YES;
				CLANG_WARN_DEPRECATED_OBJC_IMPLEMENTATIONS = YES;
				CLANG_WARN_DIRECT_OBJC_ISA_USAGE = YES_ERROR;
				CLANG_WARN_DOCUMENTATION_COMMENTS = YES;
				CLANG_WARN_EMPTY_BODY = YES;
				CLANG_WARN_ENUM_CONVERSION = YES;
				CLANG_WARN_INFINITE_RECURSION = YES;
				CLANG_WARN_INT_CONVERSION = YES;
				CLANG_WARN_NON_LITERAL_NULL_CONVERSION = YES;
				CLANG_WARN_OBJC_IMPLICIT_RETAIN_SELF = YES;
				CLANG_WARN_OBJC_LITERAL_CONVERSION = YES;
				CLANG_WARN_OBJC_ROOT_CLASS = YES_ERROR;
				CLANG_WARN_QUOTED_INCLUDE_IN_FRAMEWORK_HEADER = YES;
				CLANG_WARN_RANGE_LOOP_ANALYSIS = YES;
				CLANG_WARN_STRICT_PROTOTYPES = YES;
				CLANG_WARN_SUSPICIOUS_MOVE = YES;
				CLANG_WARN_UNGUARDED_AVAILABILITY = YES_AGGRESSIVE;
				CLANG_WARN_UNREACHABLE_CODE = YES;
				CLANG_WARN__DUPLICATE_METHOD_MATCH = YES;
				COPY_PHASE_STRIP = NO;
				DEBUG_INFORMATION_FORMAT = "dwarf-with-dsym";
				ENABLE_NS_ASSERTIONS = NO;
				ENABLE_STRICT_OBJC_MSGSEND = YES;
				GCC_C_LANGUAGE_STANDARD = gnu11;
				GCC_NO_COMMON_BLOCKS = YES;
				GCC_WARN_64_TO_32_BIT_CONVERSION = YES;
				GCC_WARN_ABOUT_RETURN_TYPE = YES_ERROR;
				GCC_WARN_UNDECLARED_SELECTOR = YES;
				GCC_WARN_UNINITIALIZED_AUTOS = YES_AGGRESSIVE;
				GCC_WARN_UNUSED_FUNCTION = YES;
				GCC_WARN_UNUSED_VARIABLE = YES;
				IPHONEOS_DEPLOYMENT_TARGET = 16.4;
				MTL_ENABLE_DEBUG_INFO = NO;
				MTL_FAST_MATH = YES;
				SDKROOT = iphoneos;
				SWIFT_COMPILATION_MODE = wholemodule;
				SWIFT_OPTIMIZATION_LEVEL = "-O";
				VALIDATE_PRODUCT = YES;
			};
			name = Release;
		};
		BDD182CB2A91228200AF4710 /* Debug */ = {
			isa = XCBuildConfiguration;
			buildSettings = {
				ASSETCATALOG_COMPILER_APPICON_NAME = AppIcon;
				ASSETCATALOG_COMPILER_GLOBAL_ACCENT_COLOR_NAME = AccentColor;
				CODE_SIGN_STYLE = Automatic;
				CURRENT_PROJECT_VERSION = 1;
				DEVELOPMENT_ASSET_PATHS = "\"Animations/Preview Content\"";
				ENABLE_PREVIEWS = YES;
				GENERATE_INFOPLIST_FILE = YES;
				INFOPLIST_KEY_UIApplicationSceneManifest_Generation = YES;
				INFOPLIST_KEY_UIApplicationSupportsIndirectInputEvents = YES;
				INFOPLIST_KEY_UILaunchScreen_Generation = YES;
				INFOPLIST_KEY_UISupportedInterfaceOrientations_iPad = "UIInterfaceOrientationPortrait UIInterfaceOrientationPortraitUpsideDown UIInterfaceOrientationLandscapeLeft UIInterfaceOrientationLandscapeRight";
				INFOPLIST_KEY_UISupportedInterfaceOrientations_iPhone = "UIInterfaceOrientationPortrait UIInterfaceOrientationLandscapeLeft UIInterfaceOrientationLandscapeRight";
				LD_RUNPATH_SEARCH_PATHS = (
					"$(inherited)",
					"@executable_path/Frameworks",
				);
				MARKETING_VERSION = 1.0;
				PRODUCT_BUNDLE_IDENTIFIER = com.guledaaydemir.Animations;
				PRODUCT_NAME = "$(TARGET_NAME)";
				SWIFT_EMIT_LOC_STRINGS = YES;
				SWIFT_VERSION = 5.0;
				TARGETED_DEVICE_FAMILY = "1,2";
			};
			name = Debug;
		};
		BDD182CC2A91228200AF4710 /* Release */ = {
			isa = XCBuildConfiguration;
			buildSettings = {
				ASSETCATALOG_COMPILER_APPICON_NAME = AppIcon;
				ASSETCATALOG_COMPILER_GLOBAL_ACCENT_COLOR_NAME = AccentColor;
				CODE_SIGN_STYLE = Automatic;
				CURRENT_PROJECT_VERSION = 1;
				DEVELOPMENT_ASSET_PATHS = "\"Animations/Preview Content\"";
				ENABLE_PREVIEWS = YES;
				GENERATE_INFOPLIST_FILE = YES;
				INFOPLIST_KEY_UIApplicationSceneManifest_Generation = YES;
				INFOPLIST_KEY_UIApplicationSupportsIndirectInputEvents = YES;
				INFOPLIST_KEY_UILaunchScreen_Generation = YES;
				INFOPLIST_KEY_UISupportedInterfaceOrientations_iPad = "UIInterfaceOrientationPortrait UIInterfaceOrientationPortraitUpsideDown UIInterfaceOrientationLandscapeLeft UIInterfaceOrientationLandscapeRight";
				INFOPLIST_KEY_UISupportedInterfaceOrientations_iPhone = "UIInterfaceOrientationPortrait UIInterfaceOrientationLandscapeLeft UIInterfaceOrientationLandscapeRight";
				LD_RUNPATH_SEARCH_PATHS = (
					"$(inherited)",
					"@executable_path/Frameworks",
				);
				MARKETING_VERSION = 1.0;
				PRODUCT_BUNDLE_IDENTIFIER = com.guledaaydemir.Animations;
				PRODUCT_NAME = "$(TARGET_NAME)";
				SWIFT_EMIT_LOC_STRINGS = YES;
				SWIFT_VERSION = 5.0;
				TARGETED_DEVICE_FAMILY = "1,2";
			};
			name = Release;
		};
		BDD182CE2A91228200AF4710 /* Debug */ = {
			isa = XCBuildConfiguration;
			buildSettings = {
				ALWAYS_EMBED_SWIFT_STANDARD_LIBRARIES = YES;
				BUNDLE_LOADER = "$(TEST_HOST)";
				CODE_SIGN_STYLE = Automatic;
				CURRENT_PROJECT_VERSION = 1;
				GENERATE_INFOPLIST_FILE = YES;
				IPHONEOS_DEPLOYMENT_TARGET = 16.4;
				MARKETING_VERSION = 1.0;
				PRODUCT_BUNDLE_IDENTIFIER = com.guledaaydemir.AnimationsTests;
				PRODUCT_NAME = "$(TARGET_NAME)";
				SWIFT_EMIT_LOC_STRINGS = NO;
				SWIFT_VERSION = 5.0;
				TARGETED_DEVICE_FAMILY = "1,2";
				TEST_HOST = "$(BUILT_PRODUCTS_DIR)/Animations.app/$(BUNDLE_EXECUTABLE_FOLDER_PATH)/Animations";
			};
			name = Debug;
		};
		BDD182CF2A91228200AF4710 /* Release */ = {
			isa = XCBuildConfiguration;
			buildSettings = {
				ALWAYS_EMBED_SWIFT_STANDARD_LIBRARIES = YES;
				BUNDLE_LOADER = "$(TEST_HOST)";
				CODE_SIGN_STYLE = Automatic;
				CURRENT_PROJECT_VERSION = 1;
				GENERATE_INFOPLIST_FILE = YES;
				IPHONEOS_DEPLOYMENT_TARGET = 16.4;
				MARKETING_VERSION = 1.0;
				PRODUCT_BUNDLE_IDENTIFIER = com.guledaaydemir.AnimationsTests;
				PRODUCT_NAME = "$(TARGET_NAME)";
				SWIFT_EMIT_LOC_STRINGS = NO;
				SWIFT_VERSION = 5.0;
				TARGETED_DEVICE_FAMILY = "1,2";
				TEST_HOST = "$(BUILT_PRODUCTS_DIR)/Animations.app/$(BUNDLE_EXECUTABLE_FOLDER_PATH)/Animations";
			};
			name = Release;
		};
		BDD182D12A91228200AF4710 /* Debug */ = {
			isa = XCBuildConfiguration;
			buildSettings = {
				ALWAYS_EMBED_SWIFT_STANDARD_LIBRARIES = YES;
				CODE_SIGN_STYLE = Automatic;
				CURRENT_PROJECT_VERSION = 1;
				GENERATE_INFOPLIST_FILE = YES;
				MARKETING_VERSION = 1.0;
				PRODUCT_BUNDLE_IDENTIFIER = com.guledaaydemir.AnimationsUITests;
				PRODUCT_NAME = "$(TARGET_NAME)";
				SWIFT_EMIT_LOC_STRINGS = NO;
				SWIFT_VERSION = 5.0;
				TARGETED_DEVICE_FAMILY = "1,2";
				TEST_TARGET_NAME = Animations;
			};
			name = Debug;
		};
		BDD182D22A91228200AF4710 /* Release */ = {
			isa = XCBuildConfiguration;
			buildSettings = {
				ALWAYS_EMBED_SWIFT_STANDARD_LIBRARIES = YES;
				CODE_SIGN_STYLE = Automatic;
				CURRENT_PROJECT_VERSION = 1;
				GENERATE_INFOPLIST_FILE = YES;
				MARKETING_VERSION = 1.0;
				PRODUCT_BUNDLE_IDENTIFIER = com.guledaaydemir.AnimationsUITests;
				PRODUCT_NAME = "$(TARGET_NAME)";
				SWIFT_EMIT_LOC_STRINGS = NO;
				SWIFT_VERSION = 5.0;
				TARGETED_DEVICE_FAMILY = "1,2";
				TEST_TARGET_NAME = Animations;
			};
			name = Release;
		};
/* End XCBuildConfiguration section */

/* Begin XCConfigurationList section */
		BDD1829C2A91227F00AF4710 /* Build configuration list for PBXProject "Animations" */ = {
			isa = XCConfigurationList;
			buildConfigurations = (
				BDD182C82A91228200AF4710 /* Debug */,
				BDD182C92A91228200AF4710 /* Release */,
			);
			defaultConfigurationIsVisible = 0;
			defaultConfigurationName = Release;
		};
		BDD182CA2A91228200AF4710 /* Build configuration list for PBXNativeTarget "Animations" */ = {
			isa = XCConfigurationList;
			buildConfigurations = (
				BDD182CB2A91228200AF4710 /* Debug */,
				BDD182CC2A91228200AF4710 /* Release */,
			);
			defaultConfigurationIsVisible = 0;
			defaultConfigurationName = Release;
		};
		BDD182CD2A91228200AF4710 /* Build configuration list for PBXNativeTarget "AnimationsTests" */ = {
			isa = XCConfigurationList;
			buildConfigurations = (
				BDD182CE2A91228200AF4710 /* Debug */,
				BDD182CF2A91228200AF4710 /* Release */,
			);
			defaultConfigurationIsVisible = 0;
			defaultConfigurationName = Release;
		};
		BDD182D02A91228200AF4710 /* Build configuration list for PBXNativeTarget "AnimationsUITests" */ = {
			isa = XCConfigurationList;
			buildConfigurations = (
				BDD182D12A91228200AF4710 /* Debug */,
				BDD182D22A91228200AF4710 /* Release */,
			);
			defaultConfigurationIsVisible = 0;
			defaultConfigurationName = Release;
		};
/* End XCConfigurationList section */

/* Begin XCVersionGroup section */
		BDD182AF2A91228100AF4710 /* Animations.xcdatamodeld */ = {
			isa = XCVersionGroup;
			children = (
				BDD182B02A91228100AF4710 /* Animations.xcdatamodel */,
			);
			currentVersion = BDD182B02A91228100AF4710 /* Animations.xcdatamodel */;
			path = Animations.xcdatamodeld;
			sourceTree = "<group>";
			versionGroupType = wrapper.xcdatamodel;
		};
/* End XCVersionGroup section */
	};
	rootObject = BDD182992A91227F00AF4710 /* Project object */;
}
